
Microsoft Visual Studio Solution File, Format Version 12.00
# Visual Studio Version 16
VisualStudioVersion = 16.0.32413.511
MinimumVisualStudioVersion = 10.0.40219.1
Project("{FAE04EC0-301F-11D3-BF4B-00C04F79EFBC}") = "BoldBI.Embed.Sample", "BoldBI.Embed.Sample\BoldBI.Embed.Sample.csproj", "{48E91868-0146-43DB-81B1-F78B8E7275B4}"
EndProject
Global
	GlobalSection(SolutionConfigurationPlatforms) = preSolution
		Debug|Any CPU = Debug|Any CPU
		Release|Any CPU = Release|Any CPU
	EndGlobalSection
	GlobalSection(ProjectConfigurationPlatforms) = postSolution
		{48E91868-0146-43DB-81B1-F78B8E7275B4}.Debug|Any CPU.ActiveCfg = Debug|Any CPU
		{48E91868-0146-43DB-81B1-F78B8E7275B4}.Debug|Any CPU.Build.0 = Debug|Any CPU
		{48E91868-0146-43DB-81B1-F78B8E7275B4}.Release|Any CPU.ActiveCfg = Release|Any CPU
		{48E91868-0146-43DB-81B1-F78B8E7275B4}.Release|Any CPU.Build.0 = Release|Any CPU
	EndGlobalSection
	GlobalSection(SolutionProperties) = preSolution
		HideSolutionNode = FALSE
	EndGlobalSection
	GlobalSection(ExtensibilityGlobals) = postSolution
		SolutionGuid = {080566D6-D94E-4858-AF21-981A6DD7D114}
	EndGlobalSection
EndGlobal
